
Microsoft Visual Studio Solution File, Format Version 12.00
# Visual Studio Version 17
VisualStudioVersion = 17.6.33801.468
MinimumVisualStudioVersion = 10.0.40219.1
Project("{FAE04EC0-301F-11D3-BF4B-00C04F79EFBC}") = "RubiksTree", "RubiksTree\RubiksTree.csproj", "{12C95957-A0AB-44D3-8E77-E0F265DAFBE3}"
EndProject
Global
	GlobalSection(SolutionConfigurationPlatforms) = preSolution
		Debug|Any CPU = Debug|Any CPU
		Release|Any CPU = Release|Any CPU
	EndGlobalSection
	GlobalSection(ProjectConfigurationPlatforms) = postSolution
		{12C95957-A0AB-44D3-8E77-E0F265DAFBE3}.Debug|Any CPU.ActiveCfg = Debug|Any CPU
		{12C95957-A0AB-44D3-8E77-E0F265DAFBE3}.Debug|Any CPU.Build.0 = Debug|Any CPU
		{12C95957-A0AB-44D3-8E77-E0F265DAFBE3}.Release|Any CPU.ActiveCfg = Release|Any CPU
		{12C95957-A0AB-44D3-8E77-E0F265DAFBE3}.Release|Any CPU.Build.0 = Release|Any CPU
	EndGlobalSection
	GlobalSection(SolutionProperties) = preSolution
		HideSolutionNode = FALSE
	EndGlobalSection
	GlobalSection(ExtensibilityGlobals) = postSolution
		SolutionGuid = {89348412-C8EE-422C-B470-C45F275DF453}
	EndGlobalSection
EndGlobal
